<?xml version="1.0" encoding="utf-8"?>
<Project ToolsVersion="4.0" xmlns="http://schemas.microsoft.com/developer/msbuild/2003">
  <ItemGroup>
    <Filter Include="Vulkan">
      <UniqueIdentifier>{6addb92a-f5f4-402f-940b-a053b9e7eff1}</UniqueIdentifier>
    </Filter>
    <Filter Include="Tracer">
      <UniqueIdentifier>{db8ead7d-9755-40d0-9cec-903d8c049cbb}</UniqueIdentifier>
    </Filter>
    <Filter Include="ImGui">
      <UniqueIdentifier>{d1388ee0-b14e-4143-b0b2-fd319cc91d22}</UniqueIdentifier>
    </Filter>
    <Filter Include="Assets">
      <UniqueIdentifier>{8f936c63-5904-4f9f-9e38-aef9ba98af60}</UniqueIdentifier>
    </Filter>
    <Filter Include="Assets\Shaders">
      <UniqueIdentifier>{3c909e00-1ba7-4e98-9666-d1349889acc9}</UniqueIdentifier>
    </Filter>
    <Filter Include="Scripts">
      <UniqueIdentifier>{ce8d5c29-f57a-443a-b469-283f0f4f9242}</UniqueIdentifier>
    </Filter>
  </ItemGroup>
  <ItemGroup>
    <ClCompile Include="src\main.cpp" />
    <ClCompile Include="src\ImGui\imgui_impl_glfw.cpp">
      <Filter>ImGui</Filter>
    </ClCompile>
    <ClCompile Include="src\ImGui\imgui_impl_vulkan.cpp">
      <Filter>ImGui</Filter>
    </ClCompile>
    <ClCompile Include="src\Tracer\Menu.cpp">
      <Filter>Tracer</Filter>
    </ClCompile>
    <ClCompile Include="src\Tracer\RayTracer.cpp">
      <Filter>Tracer</Filter>
    </ClCompile>
    <ClCompile Include="src\Vulkan\Application.cpp">
      <Filter>Vulkan</Filter>
    </ClCompile>
    <ClCompile Include="src\Vulkan\Vulkan.cpp">
      <Filter>Vulkan</Filter>
    </ClCompile>
    <ClCompile Include="src\Vulkan\Window.cpp">
      <Filter>Vulkan</Filter>
    </ClCompile>
    <ClCompile Include="src\Vulkan\Instance.cpp">
      <Filter>Vulkan</Filter>
    </ClCompile>
    <ClCompile Include="src\Vulkan\Device.cpp">
      <Filter>Vulkan</Filter>
    </ClCompile>
    <ClCompile Include="src\Vulkan\Surface.cpp">
      <Filter>Vulkan</Filter>
    </ClCompile>
  </ItemGroup>
  <ItemGroup>
    <ClInclude Include="src\ImGui\imgui_impl_glfw.h">
      <Filter>ImGui</Filter>
    </ClInclude>
    <ClInclude Include="src\ImGui\imgui_impl_vulkan.h">
      <Filter>ImGui</Filter>
    </ClInclude>
    <ClInclude Include="src\Tracer\Menu.h">
      <Filter>Tracer</Filter>
    </ClInclude>
    <ClInclude Include="src\Tracer\RayTracer.h">
      <Filter>Tracer</Filter>
    </ClInclude>
    <ClInclude Include="src\Vulkan\Application.h">
      <Filter>Vulkan</Filter>
    </ClInclude>
    <ClInclude Include="src\Vulkan\Vulkan.h">
      <Filter>Vulkan</Filter>
    </ClInclude>
    <ClInclude Include="src\Vulkan\Window.h">
      <Filter>Vulkan</Filter>
    </ClInclude>
    <ClInclude Include="src\Vulkan\Instance.h">
      <Filter>Vulkan</Filter>
    </ClInclude>
    <ClInclude Include="src\Vulkan\Device.h">
      <Filter>Vulkan</Filter>
    </ClInclude>
    <ClInclude Include="src\Vulkan\Surface.h">
      <Filter>Vulkan</Filter>
    </ClInclude>
  </ItemGroup>
  <ItemGroup>
    <None Include="src\Assets\shaders\Vertex.vert">
      <Filter>Assets\Shaders</Filter>
    </None>
    <None Include="src\Assets\Shaders\Fragment.frag">
      <Filter>Assets\Shaders</Filter>
    </None>
    <None Include="Scripts\Compile.py">
      <Filter>Scripts</Filter>
    </None>
    <None Include="Scripts\Run.bat">
      <Filter>Scripts</Filter>
    </None>
  </ItemGroup>
</Project>