<?xml version="1.0" encoding="utf-8"?>
<Project ToolsVersion="4.0" xmlns="http://schemas.microsoft.com/developer/msbuild/2003">
  <ItemGroup>
    <Filter Include="Scripts">
      <UniqueIdentifier>{99d00138-8642-4e15-a5a9-30937569766c}</UniqueIdentifier>
    </Filter>
    <Filter Include="Assets">
      <UniqueIdentifier>{e7376797-e7f2-4088-a0a1-f2836eea3574}</UniqueIdentifier>
    </Filter>
    <Filter Include="ImGui">
      <UniqueIdentifier>{15995b00-80d0-47b6-b5d3-ae90f31907e7}</UniqueIdentifier>
    </Filter>
    <Filter Include="Vulkan">
      <UniqueIdentifier>{919b5852-ae36-4b24-b75e-8f31adcabb40}</UniqueIdentifier>
    </Filter>
    <Filter Include="Tracer">
      <UniqueIdentifier>{6739e442-065f-48a3-a1c1-06ff4d9958ee}</UniqueIdentifier>
    </Filter>
    <Filter Include="Assets\Shaders">
      <UniqueIdentifier>{6183b072-61ab-4ea4-8bb5-d97c4835b787}</UniqueIdentifier>
    </Filter>
    <Filter Include="Geometry">
      <UniqueIdentifier>{fe18f866-2eb2-4df1-9ba1-7ae8d3fc0ecc}</UniqueIdentifier>
    </Filter>
    <Filter Include="Geometry\Uniforms">
      <UniqueIdentifier>{2b616ec9-41bf-42e8-b347-b151b31e5454}</UniqueIdentifier>
    </Filter>
    <Filter Include="Loader">
      <UniqueIdentifier>{a36805f2-2749-48d3-aac0-acc7794e4333}</UniqueIdentifier>
    </Filter>
    <Filter Include="Rasterizer">
      <UniqueIdentifier>{e5c9479e-0615-4f95-b113-a9fc661e3f16}</UniqueIdentifier>
    </Filter>
    <Filter Include="Raytracer">
      <UniqueIdentifier>{bb8e4efb-61f9-4c60-80f9-8009398b5485}</UniqueIdentifier>
    </Filter>
    <Filter Include="Assets\Shaders\Rasterizer">
      <UniqueIdentifier>{2a31afd0-b9b0-4aab-8217-ecc41d1b0bf1}</UniqueIdentifier>
    </Filter>
    <Filter Include="3rdParty">
      <UniqueIdentifier>{26bdf9b1-5805-4c41-92bd-53cbff40afbb}</UniqueIdentifier>
    </Filter>
    <Filter Include="Raytracer\Acceleration">
      <UniqueIdentifier>{d08eccb9-727c-4bf1-8138-326f3e5385c2}</UniqueIdentifier>
    </Filter>
    <Filter Include="Assets\Shaders\Common">
      <UniqueIdentifier>{1d5dedbf-eddc-42b7-90fa-7145e63a5717}</UniqueIdentifier>
    </Filter>
    <Filter Include="Tracer\Widgets">
      <UniqueIdentifier>{eb1d96a5-6d86-4e48-9df5-8a83ec890466}</UniqueIdentifier>
    </Filter>
    <Filter Include="Assets\Shaders\BSDFs">
      <UniqueIdentifier>{c7a140a7-fbad-4d12-a1e5-4e28f5a59977}</UniqueIdentifier>
    </Filter>
    <Filter Include="Assets\Shaders\Compute">
      <UniqueIdentifier>{a9b37b53-3a6a-48af-8bd1-cd1ad599f41c}</UniqueIdentifier>
    </Filter>
    <Filter Include="Computer">
      <UniqueIdentifier>{29b40f75-b6fa-420e-8ab5-741b44f45dcb}</UniqueIdentifier>
    </Filter>
    <Filter Include="Assets\Shaders\Raytracer">
      <UniqueIdentifier>{beb57e8b-a27e-4c33-ae4f-1e97dfb6dec7}</UniqueIdentifier>
    </Filter>
    <Filter Include="Assets\Shaders\Raytracer\Integrators">
      <UniqueIdentifier>{10be8f5e-c6dd-4315-aaa8-3cb1291d48b2}</UniqueIdentifier>
    </Filter>
  </ItemGroup>
  <ItemGroup>
    <None Include="Scripts\Compile.py">
      <Filter>Scripts</Filter>
    </None>
    <None Include="src\Assets\Shaders\Rasterizer\Fragment.frag">
      <Filter>Assets\Shaders\Rasterizer</Filter>
    </None>
    <None Include="src\Assets\Shaders\Rasterizer\Vertex.vert">
      <Filter>Assets\Shaders\Rasterizer</Filter>
    </None>
    <None Include="src\Assets\Shaders\Raytracer\Raytracing.rchit">
      <Filter>Assets\Shaders\Raytracer</Filter>
    </None>
    <None Include="src\Assets\Shaders\Raytracer\Raytracing.rgen">
      <Filter>Assets\Shaders\Raytracer</Filter>
    </None>
    <None Include="src\Assets\Shaders\Raytracer\Raytracing.rmiss">
      <Filter>Assets\Shaders\Raytracer</Filter>
    </None>
    <None Include="src\Assets\Shaders\Raytracer\Integrators\PathTracerMSM.glsl">
      <Filter>Assets\Shaders\Raytracer\Integrators</Filter>
    </None>
    <None Include="src\Assets\Shaders\Raytracer\Shadow.rmiss">
      <Filter>Assets\Shaders\Raytracer</Filter>
    </None>
    <None Include="src\Assets\Shaders\Raytracer\Integrators\PathTracer.glsl">
      <Filter>Assets\Shaders\Raytracer\Integrators</Filter>
    </None>
    <None Include="src\Assets\Shaders\Raytracer\Integrators\AO.glsl">
      <Filter>Assets\Shaders\Raytracer\Integrators</Filter>
    </None>
    <None Include="src\Assets\Shaders\Compute\Denoiser.comp">
      <Filter>Assets\Shaders\Compute</Filter>
    </None>
    <None Include="src\Assets\Shaders\Common\Denoiser.glsl">
      <Filter>Assets\Shaders\Common</Filter>
    </None>
    <None Include="src\Assets\Shaders\Common\DirectLight.glsl">
      <Filter>Assets\Shaders\Common</Filter>
    </None>
    <None Include="src\Assets\Shaders\Common\HDR.glsl">
      <Filter>Assets\Shaders\Common</Filter>
    </None>
    <None Include="src\Assets\Shaders\Common\Math.glsl">
      <Filter>Assets\Shaders\Common</Filter>
    </None>
    <None Include="src\Assets\Shaders\Common\Random.glsl">
      <Filter>Assets\Shaders\Common</Filter>
    </None>
    <None Include="src\Assets\Shaders\Common\Sampling.glsl">
      <Filter>Assets\Shaders\Common</Filter>
    </None>
    <None Include="src\Assets\Shaders\Common\Structs.glsl">
      <Filter>Assets\Shaders\Common</Filter>
    </None>
    <None Include="src\Assets\Shaders\Common\Vertex.glsl">
      <Filter>Assets\Shaders\Common</Filter>
    </None>
    <None Include="src\Assets\Shaders\BSDFs\UE4BSDF.glsl">
      <Filter>Assets\Shaders\BSDFs</Filter>
    </None>
    <None Include="src\Assets\Shaders\Compute\Edgedetect.comp">
      <Filter>Assets\Shaders\Compute</Filter>
    </None>
    <None Include="src\Assets\Shaders\Compute\Sharpen.comp">
      <Filter>Assets\Shaders\Compute</Filter>
    </None>
  </ItemGroup>
  <ItemGroup>
    <ClCompile Include="src\Vulkan\Device.cpp">
      <Filter>Vulkan</Filter>
    </ClCompile>
    <ClCompile Include="src\Vulkan\Image.cpp">
      <Filter>Vulkan</Filter>
    </ClCompile>
    <ClCompile Include="src\Vulkan\ImageView.cpp">
      <Filter>Vulkan</Filter>
    </ClCompile>
    <ClCompile Include="src\Vulkan\Instance.cpp">
      <Filter>Vulkan</Filter>
    </ClCompile>
    <ClCompile Include="src\Vulkan\Shader.cpp">
      <Filter>Vulkan</Filter>
    </ClCompile>
    <ClCompile Include="src\Vulkan\Surface.cpp">
      <Filter>Vulkan</Filter>
    </ClCompile>
    <ClCompile Include="src\Vulkan\SwapChain.cpp">
      <Filter>Vulkan</Filter>
    </ClCompile>
    <ClCompile Include="src\Vulkan\Vulkan.cpp">
      <Filter>Vulkan</Filter>
    </ClCompile>
    <ClCompile Include="src\Vulkan\Window.cpp">
      <Filter>Vulkan</Filter>
    </ClCompile>
    <ClCompile Include="src\Tracer\Menu.cpp">
      <Filter>Tracer</Filter>
    </ClCompile>
    <ClCompile Include="src\ImGui\imgui_impl_glfw.cpp">
      <Filter>ImGui</Filter>
    </ClCompile>
    <ClCompile Include="src\ImGui\imgui_impl_vulkan.cpp">
      <Filter>ImGui</Filter>
    </ClCompile>
    <ClCompile Include="src\main.cpp" />
    <ClCompile Include="src\Vulkan\Framebuffer.cpp">
      <Filter>Vulkan</Filter>
    </ClCompile>
    <ClCompile Include="src\Vulkan\CommandBuffers.cpp">
      <Filter>Vulkan</Filter>
    </ClCompile>
    <ClCompile Include="src\Vulkan\Semaphore.cpp">
      <Filter>Vulkan</Filter>
    </ClCompile>
    <ClCompile Include="src\Vulkan\Fence.cpp">
      <Filter>Vulkan</Filter>
    </ClCompile>
    <ClCompile Include="src\Vulkan\RenderPass.cpp">
      <Filter>Vulkan</Filter>
    </ClCompile>
    <ClCompile Include="src\Vulkan\Memory.cpp">
      <Filter>Vulkan</Filter>
    </ClCompile>
    <ClCompile Include="src\Vulkan\Command.cpp">
      <Filter>Vulkan</Filter>
    </ClCompile>
    <ClCompile Include="src\Tracer\Scene.cpp">
      <Filter>Tracer</Filter>
    </ClCompile>
    <ClCompile Include="src\Vulkan\DescriptorSetLayout.cpp">
      <Filter>Vulkan</Filter>
    </ClCompile>
    <ClCompile Include="src\Vulkan\DescriptorsManager.cpp">
      <Filter>Vulkan</Filter>
    </ClCompile>
    <ClCompile Include="src\Vulkan\Buffer.cpp">
      <Filter>Vulkan</Filter>
    </ClCompile>
    <ClCompile Include="src\Vulkan\TextureSampler.cpp">
      <Filter>Vulkan</Filter>
    </ClCompile>
    <ClCompile Include="src\Vulkan\CommandPool.cpp">
      <Filter>Vulkan</Filter>
    </ClCompile>
    <ClCompile Include="src\Vulkan\DepthBuffer.cpp">
      <Filter>Vulkan</Filter>
    </ClCompile>
    <ClCompile Include="src\Loader\Loader.cpp">
      <Filter>Loader</Filter>
    </ClCompile>
    <ClCompile Include="src\Assets\Texture.cpp">
      <Filter>Assets</Filter>
    </ClCompile>
    <ClCompile Include="src\Assets\Mesh.cpp">
      <Filter>Assets</Filter>
    </ClCompile>
    <ClCompile Include="src\Tracer\TextureImage.cpp">
      <Filter>Tracer</Filter>
    </ClCompile>
    <ClCompile Include="src\Tracer\Camera.cpp">
      <Filter>Tracer</Filter>
    </ClCompile>
    <ClCompile Include="src\Vulkan\RasterizerGraphicsPipeline.cpp">
      <Filter>Rasterizer</Filter>
    </ClCompile>
    <ClCompile Include="src\Vulkan\RaytracerGraphicsPipeline.cpp">
      <Filter>Raytracer</Filter>
    </ClCompile>
    <ClCompile Include="src\Vulkan\Extensions.cpp">
      <Filter>Raytracer</Filter>
    </ClCompile>
    <ClCompile Include="src\Vulkan\ShaderBindingTable.cpp">
      <Filter>Raytracer</Filter>
    </ClCompile>
    <ClCompile Include="src\Vulkan\Core.cpp">
      <Filter>Vulkan</Filter>
    </ClCompile>
    <ClCompile Include="src\Tracer\Application.cpp">
      <Filter>Tracer</Filter>
    </ClCompile>
    <ClCompile Include="src\Vulkan\Raytracer.cpp">
      <Filter>Raytracer</Filter>
    </ClCompile>
    <ClCompile Include="src\Vulkan\Rasterizer.cpp">
      <Filter>Rasterizer</Filter>
    </ClCompile>
    <ClCompile Include="src\3rdParty\HDRLoader.cpp">
      <Filter>3rdParty</Filter>
    </ClCompile>
    <ClCompile Include="src\Vulkan\AccelerationStructure.cpp">
      <Filter>Raytracer\Acceleration</Filter>
    </ClCompile>
    <ClCompile Include="src\Vulkan\BLAS.cpp">
      <Filter>Raytracer\Acceleration</Filter>
    </ClCompile>
    <ClCompile Include="src\Vulkan\TLAS.cpp">
      <Filter>Raytracer\Acceleration</Filter>
    </ClCompile>
    <ClCompile Include="src\Tracer\Compiler.cpp">
      <Filter>Tracer</Filter>
    </ClCompile>
    <ClCompile Include="src\Tracer\Widgets\SceneWidget.cpp">
      <Filter>Tracer\Widgets</Filter>
    </ClCompile>
    <ClCompile Include="src\Tracer\Widgets\RendererWidget.cpp">
      <Filter>Tracer\Widgets</Filter>
    </ClCompile>
    <ClCompile Include="src\Tracer\Widgets\CinemaWidget.cpp">
      <Filter>Tracer\Widgets</Filter>
    </ClCompile>
    <ClCompile Include="src\Vulkan\ComputePipeline.cpp">
      <Filter>Computer</Filter>
    </ClCompile>
    <ClCompile Include="src\Vulkan\Computer.cpp">
      <Filter>Computer</Filter>
    </ClCompile>
  </ItemGroup>
  <ItemGroup>
    <ClInclude Include="src\Vulkan\Device.h">
      <Filter>Vulkan</Filter>
    </ClInclude>
    <ClInclude Include="src\Vulkan\Image.h">
      <Filter>Vulkan</Filter>
    </ClInclude>
    <ClInclude Include="src\Vulkan\ImageView.h">
      <Filter>Vulkan</Filter>
    </ClInclude>
    <ClInclude Include="src\Vulkan\Instance.h">
      <Filter>Vulkan</Filter>
    </ClInclude>
    <ClInclude Include="src\Vulkan\Shader.h">
      <Filter>Vulkan</Filter>
    </ClInclude>
    <ClInclude Include="src\Vulkan\Surface.h">
      <Filter>Vulkan</Filter>
    </ClInclude>
    <ClInclude Include="src\Vulkan\SwapChain.h">
      <Filter>Vulkan</Filter>
    </ClInclude>
    <ClInclude Include="src\Vulkan\Vulkan.h">
      <Filter>Vulkan</Filter>
    </ClInclude>
    <ClInclude Include="src\Vulkan\Window.h">
      <Filter>Vulkan</Filter>
    </ClInclude>
    <ClInclude Include="src\Tracer\Menu.h">
      <Filter>Tracer</Filter>
    </ClInclude>
    <ClInclude Include="src\ImGui\imgui_impl_glfw.h">
      <Filter>ImGui</Filter>
    </ClInclude>
    <ClInclude Include="src\ImGui\imgui_impl_vulkan.h">
      <Filter>ImGui</Filter>
    </ClInclude>
    <ClInclude Include="src\Vulkan\Framebuffer.h">
      <Filter>Vulkan</Filter>
    </ClInclude>
    <ClInclude Include="src\Vulkan\CommandBuffers.h">
      <Filter>Vulkan</Filter>
    </ClInclude>
    <ClInclude Include="src\Vulkan\Semaphore.h">
      <Filter>Vulkan</Filter>
    </ClInclude>
    <ClInclude Include="src\Vulkan\Fence.h">
      <Filter>Vulkan</Filter>
    </ClInclude>
    <ClInclude Include="src\Vulkan\RenderPass.h">
      <Filter>Vulkan</Filter>
    </ClInclude>
    <ClInclude Include="src\Geometry\Vertex.h">
      <Filter>Geometry</Filter>
    </ClInclude>
    <ClInclude Include="src\Vulkan\Memory.h">
      <Filter>Vulkan</Filter>
    </ClInclude>
    <ClInclude Include="src\Tracer\Scene.h">
      <Filter>Tracer</Filter>
    </ClInclude>
    <ClInclude Include="src\Vulkan\DescriptorSetLayout.h">
      <Filter>Vulkan</Filter>
    </ClInclude>
    <ClInclude Include="src\Vulkan\DescriptorsManager.h">
      <Filter>Vulkan</Filter>
    </ClInclude>
    <ClInclude Include="src\Vulkan\Buffer.h">
      <Filter>Vulkan</Filter>
    </ClInclude>
    <ClInclude Include="src\Vulkan\TextureSampler.h">
      <Filter>Vulkan</Filter>
    </ClInclude>
    <ClInclude Include="src\Vulkan\CommandPool.h">
      <Filter>Vulkan</Filter>
    </ClInclude>
    <ClInclude Include="src\Vulkan\DepthBuffer.h">
      <Filter>Vulkan</Filter>
    </ClInclude>
    <ClInclude Include="src\Loader\Loader.h">
      <Filter>Loader</Filter>
    </ClInclude>
    <ClInclude Include="src\Assets\Material.h">
      <Filter>Assets</Filter>
    </ClInclude>
    <ClInclude Include="src\Assets\Light.h">
      <Filter>Assets</Filter>
    </ClInclude>
    <ClInclude Include="src\Assets\Texture.h">
      <Filter>Assets</Filter>
    </ClInclude>
    <ClInclude Include="src\Assets\Mesh.h">
      <Filter>Assets</Filter>
    </ClInclude>
    <ClInclude Include="src\Loader\RenderOptions.h">
      <Filter>Loader</Filter>
    </ClInclude>
    <ClInclude Include="src\Tracer\TextureImage.h">
      <Filter>Tracer</Filter>
    </ClInclude>
    <ClInclude Include="src\Tracer\Camera.h">
      <Filter>Tracer</Filter>
    </ClInclude>
    <ClInclude Include="src\Vulkan\RasterizerGraphicsPipeline.h">
      <Filter>Rasterizer</Filter>
    </ClInclude>
    <ClInclude Include="src\Vulkan\RaytracerGraphicsPipeline.h">
      <Filter>Raytracer</Filter>
    </ClInclude>
    <ClInclude Include="src\Vulkan\ShaderBindingTable.h">
      <Filter>Raytracer</Filter>
    </ClInclude>
    <ClInclude Include="src\Vulkan\Extensions.h">
      <Filter>Raytracer</Filter>
    </ClInclude>
    <ClInclude Include="src\Vulkan\Core.h">
      <Filter>Vulkan</Filter>
    </ClInclude>
    <ClInclude Include="src\Tracer\Application.h">
      <Filter>Tracer</Filter>
    </ClInclude>
    <ClInclude Include="src\Vulkan\Raytracer.h">
      <Filter>Raytracer</Filter>
    </ClInclude>
    <ClInclude Include="src\Vulkan\Rasterizer.h">
      <Filter>Rasterizer</Filter>
    </ClInclude>
    <ClInclude Include="src\3rdParty\HDRLoader.h">
      <Filter>3rdParty</Filter>
    </ClInclude>
    <ClInclude Include="src\Vulkan\AccelerationStructure.h">
      <Filter>Raytracer\Acceleration</Filter>
    </ClInclude>
    <ClInclude Include="src\Vulkan\TLAS.h">
      <Filter>Raytracer\Acceleration</Filter>
    </ClInclude>
    <ClInclude Include="src\Vulkan\BLAS.h">
      <Filter>Raytracer\Acceleration</Filter>
    </ClInclude>
    <ClInclude Include="src\Tracer\Compiler.h">
      <Filter>Tracer</Filter>
    </ClInclude>
    <ClInclude Include="src\Geometry\Global.h">
      <Filter>Geometry\Uniforms</Filter>
    </ClInclude>
    <ClInclude Include="src\Tracer\Widgets\Widget.h">
      <Filter>Tracer\Widgets</Filter>
    </ClInclude>
    <ClInclude Include="src\Tracer\Widgets\SceneWidget.h">
      <Filter>Tracer\Widgets</Filter>
    </ClInclude>
    <ClInclude Include="src\Tracer\Widgets\RendererWidget.h">
      <Filter>Tracer\Widgets</Filter>
    </ClInclude>
    <ClInclude Include="src\Tracer\Widgets\CinemaWidget.h">
      <Filter>Tracer\Widgets</Filter>
    </ClInclude>
    <ClInclude Include="src\Vulkan\ComputePipeline.h">
      <Filter>Computer</Filter>
    </ClInclude>
    <ClInclude Include="src\Vulkan\Computer.h">
      <Filter>Computer</Filter>
    </ClInclude>
    <ClInclude Include="src\Geometry\Denoiser.h">
      <Filter>Geometry\Uniforms</Filter>
    </ClInclude>
    <ClInclude Include="src\Tracer\Settings.h">
      <Filter>Tracer</Filter>
    </ClInclude>
  </ItemGroup>
</Project>